
Microsoft Visual Studio Solution File, Format Version 12.00
# Visual Studio 15
VisualStudioVersion = 15.0.26730.16
MinimumVisualStudioVersion = 10.0.40219.1
Project("{FAE04EC0-301F-11D3-BF4B-00C04F79EFBC}") = "Kevin", "Kevin\Kevin.csproj", "{E5E98FDA-8F8A-4B0D-BFE6-7DF36D9E9366}"
EndProject
Global
	GlobalSection(SolutionConfigurationPlatforms) = preSolution
		Debug|Any CPU = Debug|Any CPU
		Release|Any CPU = Release|Any CPU
	EndGlobalSection
	GlobalSection(ProjectConfigurationPlatforms) = postSolution
		{E5E98FDA-8F8A-4B0D-BFE6-7DF36D9E9366}.Debug|Any CPU.ActiveCfg = Debug|Any CPU
		{E5E98FDA-8F8A-4B0D-BFE6-7DF36D9E9366}.Debug|Any CPU.Build.0 = Debug|Any CPU
		{E5E98FDA-8F8A-4B0D-BFE6-7DF36D9E9366}.Release|Any CPU.ActiveCfg = Release|Any CPU
		{E5E98FDA-8F8A-4B0D-BFE6-7DF36D9E9366}.Release|Any CPU.Build.0 = Release|Any CPU
	EndGlobalSection
	GlobalSection(SolutionProperties) = preSolution
		HideSolutionNode = FALSE
	EndGlobalSection
	GlobalSection(ExtensibilityGlobals) = postSolution
		SolutionGuid = {598011B2-5FBE-4F17-B5CC-7022F4477983}
	EndGlobalSection
EndGlobal
